# THIS IS AN AUTOGENERATED FILE. DO NOT EDIT THIS FILE DIRECTLY.
# yarn lockfile v1


react-audio-visualize@^1.1.3:
  version "1.1.3"
  resolved "https://registry.yarnpkg.com/react-audio-visualize/-/react-audio-visualize-1.1.3.tgz#7bf06061cb8df91e289e4ff06f5a430f8c2ecc02"
  integrity sha512-gvKcmyfJP6XQrzCJeEK4z/lBL/qijqWD6JArZBfaaf5ZxEQPMfQhTipG0LJIUcBYxzVO1rvIhj4ex+/5MRYTFA==
